
Microsoft Visual Studio Solution File, Format Version 12.00
# Visual Studio Version 16
VisualStudioVersion = 16.0.29905.134
MinimumVisualStudioVersion = 10.0.40219.1
Project("{9A19103F-16F7-4668-BE54-9A1E7A4F7556}") = "ConsoleApp1", "app\ConsoleApp1\ConsoleApp1.csproj", "{C8B1F1E9-B5A5-4502-A14D-450BBAD0D3EA}"
EndProject
Project("{FAE04EC0-301F-11D3-BF4B-00C04F79EFBC}") = "Core", "src\Core\Core.csproj", "{B22E631F-443E-4670-83EC-E48CF8A4CB6A}"
EndProject
Global
	GlobalSection(SolutionConfigurationPlatforms) = preSolution
		Debug|Any CPU = Debug|Any CPU
		Release|Any CPU = Release|Any CPU
	EndGlobalSection
	GlobalSection(ProjectConfigurationPlatforms) = postSolution
		{C8B1F1E9-B5A5-4502-A14D-450BBAD0D3EA}.Debug|Any CPU.ActiveCfg = Debug|Any CPU
		{C8B1F1E9-B5A5-4502-A14D-450BBAD0D3EA}.Debug|Any CPU.Build.0 = Debug|Any CPU
		{C8B1F1E9-B5A5-4502-A14D-450BBAD0D3EA}.Release|Any CPU.ActiveCfg = Release|Any CPU
		{C8B1F1E9-B5A5-4502-A14D-450BBAD0D3EA}.Release|Any CPU.Build.0 = Release|Any CPU
		{B22E631F-443E-4670-83EC-E48CF8A4CB6A}.Debug|Any CPU.ActiveCfg = Debug|Any CPU
		{B22E631F-443E-4670-83EC-E48CF8A4CB6A}.Debug|Any CPU.Build.0 = Debug|Any CPU
		{B22E631F-443E-4670-83EC-E48CF8A4CB6A}.Release|Any CPU.ActiveCfg = Release|Any CPU
		{B22E631F-443E-4670-83EC-E48CF8A4CB6A}.Release|Any CPU.Build.0 = Release|Any CPU
	EndGlobalSection
	GlobalSection(SolutionProperties) = preSolution
		HideSolutionNode = FALSE
	EndGlobalSection
	GlobalSection(ExtensibilityGlobals) = postSolution
		SolutionGuid = {14C865E8-EBB1-435D-A9F9-5B2E8DB4D284}
	EndGlobalSection
EndGlobal
